{
  "name": "@duet3d/monacotokens",
  "version": "3.7.0-alpha.14",
  "lockfileVersion": 3,
  "requires": true,
  "packages": {
    "": {
      "name": "@duet3d/monacotokens",
      "version": "3.7.0-alpha.14",
      "license": "LGPL-2.1",
      "devDependencies": {
        "@duet3d/objectmodel": "~3.7.0-alpha.8",
        "monaco-editor-core": "^0.55.1",
        "typescript": "^6.0.3"
      },
      "peerDependencies": {
        "@duet3d/objectmodel": "~3.7.0-alpha.8",
        "monaco-editor": "^0.55.1",
        "monaco-editor-core": "^0.55.1"
      },
      "peerDependenciesMeta": {
        "monaco-editor": {
          "optional": true
        },
        "monaco-editor-core": {
          "optional": true
        }
      }
    },
    "node_modules/@duet3d/objectmodel": {
      "version": "3.7.0-alpha.13",
      "resolved": "https://registry.npmjs.org/@duet3d/objectmodel/-/objectmodel-3.7.0-alpha.13.tgz",
      "integrity": "sha512-gYw45uW4knTjdqo8nRHsfgFTqyXOFxQ/HINFIdBvqE9lOtQz5W6x3jgrICi46QApCD2k+xTjgHUIY8DIdhwyDw==",
      "dev": true,
      "license": "LGPL-2.1"
    },
    "node_modules/@types/trusted-types": {
      "version": "2.0.7",
      "resolved": "https://registry.npmjs.org/@types/trusted-types/-/trusted-types-2.0.7.tgz",
      "integrity": "sha512-ScaPdn1dQczgbl0QFTeTOmVHFULt394XJgOQNoyVhZ6r2vLnMLJfBPd53SB52T/3G36VI1/g2MZaX0cwDuXsfw==",
      "dev": true,
      "license": "MIT",
      "optional": true
    },
    "node_modules/dompurify": {
      "version": "3.2.7",
      "resolved": "https://registry.npmjs.org/dompurify/-/dompurify-3.2.7.tgz",
      "integrity": "sha512-WhL/YuveyGXJaerVlMYGWhvQswa7myDG17P7Vu65EWC05o8vfeNbvNf4d/BOvH99+ZW+LlQsc1GDKMa1vNK6dw==",
      "dev": true,
      "license": "(MPL-2.0 OR Apache-2.0)",
      "optionalDependencies": {
        "@types/trusted-types": "^2.0.7"
      }
    },
    "node_modules/marked": {
      "version": "14.0.0",
      "resolved": "https://registry.npmjs.org/marked/-/marked-14.0.0.tgz",
      "integrity": "sha512-uIj4+faQ+MgHgwUW1l2PsPglZLOLOT1uErt06dAPtx2kjteLAkbsd/0FiYg/MGS+i7ZKLb7w2WClxHkzOOuryQ==",
      "dev": true,
      "license": "MIT",
      "bin": {
        "marked": "bin/marked.js"
      },
      "engines": {
        "node": ">= 18"
      }
    },
    "node_modules/monaco-editor-core": {
      "version": "0.55.1",
      "resolved": "https://registry.npmjs.org/monaco-editor-core/-/monaco-editor-core-0.55.1.tgz",
      "integrity": "sha512-UTk7U9VkSFy2qruSYC70+vHHo5DffN164QGkDn4vTaaO40a1UMSNHVqS2MF6Z+s0LWOeAzez/Kp85oAPZG2d0g==",
      "dev": true,
      "license": "MIT",
      "dependencies": {
        "dompurify": "3.2.7",
        "marked": "14.0.0"
      }
    },
    "node_modules/typescript": {
      "version": "6.0.3",
      "resolved": "https://registry.npmjs.org/typescript/-/typescript-6.0.3.tgz",
      "integrity": "sha512-y2TvuxSZPDyQakkFRPZHKFm+KKVqIisdg9/CZwm9ftvKXLP8NRWj38/ODjNbr43SsoXqNuAisEf1GdCxqWcdBw==",
      "dev": true,
      "license": "Apache-2.0",
      "bin": {
        "tsc": "bin/tsc",
        "tsserver": "bin/tsserver"
      },
      "engines": {
        "node": ">=14.17"
      }
    }
  }
}
